
Microsoft Visual Studio Solution File, Format Version 12.00
# Visual Studio Version 17
VisualStudioVersion = 17.4.33103.184
MinimumVisualStudioVersion = 10.0.40219.1
Project("{9A19103F-16F7-4668-BE54-9A1E7A4F7556}") = "CommonWPF", "CommonWPF\CommonWPF.csproj", "{B2C2E9E2-45C0-4F3A-9DB6-8ED6C8327109}"
EndProject
Project("{FAE04EC0-301F-11D3-BF4B-00C04F79EFBC}") = "Common", "Common\Common.csproj", "{7E5D2384-FEDF-4F4D-BDFB-1447196B1FE7}"
EndProject
Project("{FAE04EC0-301F-11D3-BF4B-00C04F79EFBC}") = "AoC2024", "AoC2024\AoC2024.csproj", "{845C8C20-8447-4AF6-957B-4D88279110DD}"
EndProject
Project("{FAE04EC0-301F-11D3-BF4B-00C04F79EFBC}") = "AoC2024Lib", "AoC2024Lib\AoC2024Lib.csproj", "{0630E7B0-C601-4B51-93C3-AE4544D39601}"
EndProject
Global
	GlobalSection(SolutionConfigurationPlatforms) = preSolution
		Debug|Any CPU = Debug|Any CPU
		Release|Any CPU = Release|Any CPU
	EndGlobalSection
	GlobalSection(ProjectConfigurationPlatforms) = postSolution
		{B2C2E9E2-45C0-4F3A-9DB6-8ED6C8327109}.Debug|Any CPU.ActiveCfg = Debug|Any CPU
		{B2C2E9E2-45C0-4F3A-9DB6-8ED6C8327109}.Debug|Any CPU.Build.0 = Debug|Any CPU
		{B2C2E9E2-45C0-4F3A-9DB6-8ED6C8327109}.Release|Any CPU.ActiveCfg = Release|Any CPU
		{B2C2E9E2-45C0-4F3A-9DB6-8ED6C8327109}.Release|Any CPU.Build.0 = Release|Any CPU
		{7E5D2384-FEDF-4F4D-BDFB-1447196B1FE7}.Debug|Any CPU.ActiveCfg = Debug|Any CPU
		{7E5D2384-FEDF-4F4D-BDFB-1447196B1FE7}.Debug|Any CPU.Build.0 = Debug|Any CPU
		{7E5D2384-FEDF-4F4D-BDFB-1447196B1FE7}.Release|Any CPU.ActiveCfg = Release|Any CPU
		{7E5D2384-FEDF-4F4D-BDFB-1447196B1FE7}.Release|Any CPU.Build.0 = Release|Any CPU
		{845C8C20-8447-4AF6-957B-4D88279110DD}.Debug|Any CPU.ActiveCfg = Debug|Any CPU
		{845C8C20-8447-4AF6-957B-4D88279110DD}.Debug|Any CPU.Build.0 = Debug|Any CPU
		{845C8C20-8447-4AF6-957B-4D88279110DD}.Release|Any CPU.ActiveCfg = Release|Any CPU
		{845C8C20-8447-4AF6-957B-4D88279110DD}.Release|Any CPU.Build.0 = Release|Any CPU
		{0630E7B0-C601-4B51-93C3-AE4544D39601}.Debug|Any CPU.ActiveCfg = Debug|Any CPU
		{0630E7B0-C601-4B51-93C3-AE4544D39601}.Debug|Any CPU.Build.0 = Debug|Any CPU
		{0630E7B0-C601-4B51-93C3-AE4544D39601}.Release|Any CPU.ActiveCfg = Release|Any CPU
		{0630E7B0-C601-4B51-93C3-AE4544D39601}.Release|Any CPU.Build.0 = Release|Any CPU
	EndGlobalSection
	GlobalSection(SolutionProperties) = preSolution
		HideSolutionNode = FALSE
	EndGlobalSection
	GlobalSection(ExtensibilityGlobals) = postSolution
		SolutionGuid = {4E9C0494-295C-46DC-AE17-88B02B85EDD7}
	EndGlobalSection
EndGlobal
